// !$*UTF8*$!
{
	archiveVersion = 1;
	classes = {
	};
	objectVersion = 56;
	objects = {

/* Begin PBXBuildFile section */
		7A0BDBF329F7F11B001580DE /* UIFont+.swift in Sources */ = {isa = PBXBuildFile; fileRef = 7A0BDBF229F7F11B001580DE /* UIFont+.swift */; };
		7A0BDBF629F7F153001580DE /* UIColor+.swift in Sources */ = {isa = PBXBuildFile; fileRef = 7A0BDBF529F7F153001580DE /* UIColor+.swift */; };
		7A0BDBFF29F7FD49001580DE /* Mattone-Regular.otf in Resources */ = {isa = PBXBuildFile; fileRef = 7A0BDBFE29F7FD49001580DE /* Mattone-Regular.otf */; };
		7A1637E82A0CEB7C0055F8EC /* CalendarViewController.swift in Sources */ = {isa = PBXBuildFile; fileRef = 7A1637E72A0CEB7C0055F8EC /* CalendarViewController.swift */; };
		7A1637EA2A0D56430055F8EC /* CalendarCell.swift in Sources */ = {isa = PBXBuildFile; fileRef = 7A1637E92A0D56430055F8EC /* CalendarCell.swift */; };
		7A1637EC2A0EC0FD0055F8EC /* CalendarViewModel.swift in Sources */ = {isa = PBXBuildFile; fileRef = 7A1637EB2A0EC0FD0055F8EC /* CalendarViewModel.swift */; };
		7A3BEFA32A13607D00F83A88 /* HomeCalendarCell.swift in Sources */ = {isa = PBXBuildFile; fileRef = 7A3BEFA22A13607D00F83A88 /* HomeCalendarCell.swift */; };
		7A5AED432A156D9D00D84A53 /* CalendarViewPresentationController.swift in Sources */ = {isa = PBXBuildFile; fileRef = 7A5AED422A156D9D00D84A53 /* CalendarViewPresentationController.swift */; };
		7AC04EB129D31FE4004BB3E2 /* AppDelegate.swift in Sources */ = {isa = PBXBuildFile; fileRef = 7AC04EB029D31FE4004BB3E2 /* AppDelegate.swift */; };
		7AC04EB329D31FE4004BB3E2 /* SceneDelegate.swift in Sources */ = {isa = PBXBuildFile; fileRef = 7AC04EB229D31FE4004BB3E2 /* SceneDelegate.swift */; };
		7AC04EB529D31FE4004BB3E2 /* LoginViewController.swift in Sources */ = {isa = PBXBuildFile; fileRef = 7AC04EB429D31FE4004BB3E2 /* LoginViewController.swift */; };
		7AC04EBB29D31FE4004BB3E2 /* Tasker_iOS.xcdatamodeld in Sources */ = {isa = PBXBuildFile; fileRef = 7AC04EB929D31FE4004BB3E2 /* Tasker_iOS.xcdatamodeld */; };
		7AC04EBD29D31FE6004BB3E2 /* Assets.xcassets in Resources */ = {isa = PBXBuildFile; fileRef = 7AC04EBC29D31FE6004BB3E2 /* Assets.xcassets */; };
		7AC04EC029D31FE6004BB3E2 /* LaunchScreen.storyboard in Resources */ = {isa = PBXBuildFile; fileRef = 7AC04EBE29D31FE6004BB3E2 /* LaunchScreen.storyboard */; };
		7AEAC1D42A051D510019A4A4 /* OnboardingViewController.swift in Sources */ = {isa = PBXBuildFile; fileRef = 7AEAC1D32A051D510019A4A4 /* OnboardingViewController.swift */; };
		7AEAC1D62A0521340019A4A4 /* CompositionalLayout.swift in Sources */ = {isa = PBXBuildFile; fileRef = 7AEAC1D52A0521340019A4A4 /* CompositionalLayout.swift */; };
		7AEAC1D82A0523340019A4A4 /* OnboardingCell.swift in Sources */ = {isa = PBXBuildFile; fileRef = 7AEAC1D72A0523340019A4A4 /* OnboardingCell.swift */; };
		7AEAC1DA2A0526440019A4A4 /* OnboardingModel.swift in Sources */ = {isa = PBXBuildFile; fileRef = 7AEAC1D92A0526430019A4A4 /* OnboardingModel.swift */; };
		7AEAC1DC2A0535380019A4A4 /* TabbarController.swift in Sources */ = {isa = PBXBuildFile; fileRef = 7AEAC1DB2A0535380019A4A4 /* TabbarController.swift */; };
		7AEAC1DE2A05355F0019A4A4 /* HomeViewController.swift in Sources */ = {isa = PBXBuildFile; fileRef = 7AEAC1DD2A05355F0019A4A4 /* HomeViewController.swift */; };
		7AEAC1E42A0681AE0019A4A4 /* GatherViewController.swift in Sources */ = {isa = PBXBuildFile; fileRef = 7AEAC1E32A0681AE0019A4A4 /* GatherViewController.swift */; };
		7AEAC1E62A0681D00019A4A4 /* BrowseViewController.swift in Sources */ = {isa = PBXBuildFile; fileRef = 7AEAC1E52A0681D00019A4A4 /* BrowseViewController.swift */; };
		7AEAC1E82A0681EF0019A4A4 /* MyPageViewController.swift in Sources */ = {isa = PBXBuildFile; fileRef = 7AEAC1E72A0681EF0019A4A4 /* MyPageViewController.swift */; };
		7AEE307629F802FA00A61856 /* PTSans-CaptionBold.ttf in Resources */ = {isa = PBXBuildFile; fileRef = 7AEE307329F8017500A61856 /* PTSans-CaptionBold.ttf */; };
		7AEE307729F802FC00A61856 /* PTSans-Caption.ttf in Resources */ = {isa = PBXBuildFile; fileRef = 7AEE307229F8017500A61856 /* PTSans-Caption.ttf */; };
		7AEE307D29F81ECB00A61856 /* Pretendard-Bold.otf in Resources */ = {isa = PBXBuildFile; fileRef = 7AEE307929F81ECB00A61856 /* Pretendard-Bold.otf */; };
		7AEE307E29F81ECB00A61856 /* Pretendard-Regular.otf in Resources */ = {isa = PBXBuildFile; fileRef = 7AEE307A29F81ECB00A61856 /* Pretendard-Regular.otf */; };
		7AEE307F29F81ECB00A61856 /* Pretendard-Medium.otf in Resources */ = {isa = PBXBuildFile; fileRef = 7AEE307B29F81ECB00A61856 /* Pretendard-Medium.otf */; };
		7AEE308029F81ECB00A61856 /* Pretendard-Light.otf in Resources */ = {isa = PBXBuildFile; fileRef = 7AEE307C29F81ECB00A61856 /* Pretendard-Light.otf */; };
		7AEE308229F81ED500A61856 /* Pretendard-SemiBold.otf in Resources */ = {isa = PBXBuildFile; fileRef = 7AEE308129F81ED500A61856 /* Pretendard-SemiBold.otf */; };
		7AEE308529F93E8D00A61856 /* SnapKit in Frameworks */ = {isa = PBXBuildFile; productRef = 7AEE308429F93E8D00A61856 /* SnapKit */; };
		7AEE308829F93EC500A61856 /* RxCocoa in Frameworks */ = {isa = PBXBuildFile; productRef = 7AEE308729F93EC500A61856 /* RxCocoa */; };
		7AEE308A29F93EC500A61856 /* RxRelay in Frameworks */ = {isa = PBXBuildFile; productRef = 7AEE308929F93EC500A61856 /* RxRelay */; };
		7AEE308C29F93EC500A61856 /* RxSwift in Frameworks */ = {isa = PBXBuildFile; productRef = 7AEE308B29F93EC500A61856 /* RxSwift */; };
		7AEE308E29F9510300A61856 /* UIButton+.swift in Sources */ = {isa = PBXBuildFile; fileRef = 7AEE308D29F9510300A61856 /* UIButton+.swift */; };
		7AEE30932A012A9E00A61856 /* WebViewController.swift in Sources */ = {isa = PBXBuildFile; fileRef = 7AEE30922A012A9E00A61856 /* WebViewController.swift */; };
		E313DABD29F55FBC00DEAF64 /* JSONParser.swift in Sources */ = {isa = PBXBuildFile; fileRef = E313DABC29F55FBC00DEAF64 /* JSONParser.swift */; };
		E313DAC32A015A0A00DEAF64 /* Timer.swift in Sources */ = {isa = PBXBuildFile; fileRef = E313DAC22A015A0A00DEAF64 /* Timer.swift */; };
		E313DAC72A03FDEA00DEAF64 /* AlertBuilder.swift in Sources */ = {isa = PBXBuildFile; fileRef = E313DAC62A03FDEA00DEAF64 /* AlertBuilder.swift */; };
		E313DAC92A04146600DEAF64 /* RequestAuthButton.swift in Sources */ = {isa = PBXBuildFile; fileRef = E313DAC82A04146600DEAF64 /* RequestAuthButton.swift */; };
		E3220B3529F0072700F6C9FB /* LoginModel.swift in Sources */ = {isa = PBXBuildFile; fileRef = E3220B3429F0072700F6C9FB /* LoginModel.swift */; };
		E3220B3729F007AA00F6C9FB /* LoginService.swift in Sources */ = {isa = PBXBuildFile; fileRef = E3220B3629F007AA00F6C9FB /* LoginService.swift */; };
		E3220B3929F007EF00F6C9FB /* HTTPMethod.swift in Sources */ = {isa = PBXBuildFile; fileRef = E3220B3829F007EF00F6C9FB /* HTTPMethod.swift */; };
		E3220B3B29F0084900F6C9FB /* NetworkRequest.swift in Sources */ = {isa = PBXBuildFile; fileRef = E3220B3A29F0084900F6C9FB /* NetworkRequest.swift */; };
		E3220B3D29F009EC00F6C9FB /* LoginViewModel.swift in Sources */ = {isa = PBXBuildFile; fileRef = E3220B3C29F009EC00F6C9FB /* LoginViewModel.swift */; };
		E3220B3F29F014B100F6C9FB /* URLSessionError.swift in Sources */ = {isa = PBXBuildFile; fileRef = E3220B3E29F014B100F6C9FB /* URLSessionError.swift */; };
		E3229D002A151623006D9BB5 /* CalendarModel.swift in Sources */ = {isa = PBXBuildFile; fileRef = E3229CFF2A151623006D9BB5 /* CalendarModel.swift */; };
/* End PBXBuildFile section */

/* Begin PBXFileReference section */
		7A0BDBF229F7F11B001580DE /* UIFont+.swift */ = {isa = PBXFileReference; lastKnownFileType = sourcecode.swift; path = "UIFont+.swift"; sourceTree = "<group>"; };
		7A0BDBF529F7F153001580DE /* UIColor+.swift */ = {isa = PBXFileReference; lastKnownFileType = sourcecode.swift; path = "UIColor+.swift"; sourceTree = "<group>"; };
		7A0BDBFE29F7FD49001580DE /* Mattone-Regular.otf */ = {isa = PBXFileReference; lastKnownFileType = file; path = "Mattone-Regular.otf"; sourceTree = "<group>"; };
		7A1637E72A0CEB7C0055F8EC /* CalendarViewController.swift */ = {isa = PBXFileReference; lastKnownFileType = sourcecode.swift; path = CalendarViewController.swift; sourceTree = "<group>"; };
		7A1637E92A0D56430055F8EC /* CalendarCell.swift */ = {isa = PBXFileReference; lastKnownFileType = sourcecode.swift; path = CalendarCell.swift; sourceTree = "<group>"; };
		7A1637EB2A0EC0FD0055F8EC /* CalendarViewModel.swift */ = {isa = PBXFileReference; lastKnownFileType = sourcecode.swift; path = CalendarViewModel.swift; sourceTree = "<group>"; };
		7A3BEFA22A13607D00F83A88 /* HomeCalendarCell.swift */ = {isa = PBXFileReference; lastKnownFileType = sourcecode.swift; path = HomeCalendarCell.swift; sourceTree = "<group>"; };
		7A5AED422A156D9D00D84A53 /* CalendarViewPresentationController.swift */ = {isa = PBXFileReference; lastKnownFileType = sourcecode.swift; path = CalendarViewPresentationController.swift; sourceTree = "<group>"; };
		7AC04EAD29D31FE4004BB3E2 /* Tasker-iOS.app */ = {isa = PBXFileReference; explicitFileType = wrapper.application; includeInIndex = 0; path = "Tasker-iOS.app"; sourceTree = BUILT_PRODUCTS_DIR; };
		7AC04EB029D31FE4004BB3E2 /* AppDelegate.swift */ = {isa = PBXFileReference; lastKnownFileType = sourcecode.swift; path = AppDelegate.swift; sourceTree = "<group>"; };
		7AC04EB229D31FE4004BB3E2 /* SceneDelegate.swift */ = {isa = PBXFileReference; lastKnownFileType = sourcecode.swift; path = SceneDelegate.swift; sourceTree = "<group>"; };
		7AC04EB429D31FE4004BB3E2 /* LoginViewController.swift */ = {isa = PBXFileReference; lastKnownFileType = sourcecode.swift; path = LoginViewController.swift; sourceTree = "<group>"; };
		7AC04EBA29D31FE4004BB3E2 /* Tasker_iOS.xcdatamodel */ = {isa = PBXFileReference; lastKnownFileType = wrapper.xcdatamodel; path = Tasker_iOS.xcdatamodel; sourceTree = "<group>"; };
		7AC04EBC29D31FE6004BB3E2 /* Assets.xcassets */ = {isa = PBXFileReference; lastKnownFileType = folder.assetcatalog; path = Assets.xcassets; sourceTree = "<group>"; };
		7AC04EBF29D31FE6004BB3E2 /* Base */ = {isa = PBXFileReference; lastKnownFileType = file.storyboard; name = Base; path = Base.lproj/LaunchScreen.storyboard; sourceTree = "<group>"; };
		7AC04EC129D31FE6004BB3E2 /* Info.plist */ = {isa = PBXFileReference; lastKnownFileType = text.plist.xml; path = Info.plist; sourceTree = "<group>"; };
		7AEAC1D32A051D510019A4A4 /* OnboardingViewController.swift */ = {isa = PBXFileReference; lastKnownFileType = sourcecode.swift; path = OnboardingViewController.swift; sourceTree = "<group>"; };
		7AEAC1D52A0521340019A4A4 /* CompositionalLayout.swift */ = {isa = PBXFileReference; lastKnownFileType = sourcecode.swift; path = CompositionalLayout.swift; sourceTree = "<group>"; };
		7AEAC1D72A0523340019A4A4 /* OnboardingCell.swift */ = {isa = PBXFileReference; lastKnownFileType = sourcecode.swift; path = OnboardingCell.swift; sourceTree = "<group>"; };
		7AEAC1D92A0526430019A4A4 /* OnboardingModel.swift */ = {isa = PBXFileReference; lastKnownFileType = sourcecode.swift; path = OnboardingModel.swift; sourceTree = "<group>"; };
		7AEAC1DB2A0535380019A4A4 /* TabbarController.swift */ = {isa = PBXFileReference; lastKnownFileType = sourcecode.swift; path = TabbarController.swift; sourceTree = "<group>"; };
		7AEAC1DD2A05355F0019A4A4 /* HomeViewController.swift */ = {isa = PBXFileReference; lastKnownFileType = sourcecode.swift; path = HomeViewController.swift; sourceTree = "<group>"; };
		7AEAC1E32A0681AE0019A4A4 /* GatherViewController.swift */ = {isa = PBXFileReference; lastKnownFileType = sourcecode.swift; path = GatherViewController.swift; sourceTree = "<group>"; };
		7AEAC1E52A0681D00019A4A4 /* BrowseViewController.swift */ = {isa = PBXFileReference; lastKnownFileType = sourcecode.swift; path = BrowseViewController.swift; sourceTree = "<group>"; };
		7AEAC1E72A0681EF0019A4A4 /* MyPageViewController.swift */ = {isa = PBXFileReference; lastKnownFileType = sourcecode.swift; path = MyPageViewController.swift; sourceTree = "<group>"; };
		7AEE307229F8017500A61856 /* PTSans-Caption.ttf */ = {isa = PBXFileReference; lastKnownFileType = file; path = "PTSans-Caption.ttf"; sourceTree = "<group>"; };
		7AEE307329F8017500A61856 /* PTSans-CaptionBold.ttf */ = {isa = PBXFileReference; lastKnownFileType = file; path = "PTSans-CaptionBold.ttf"; sourceTree = "<group>"; };
		7AEE307929F81ECB00A61856 /* Pretendard-Bold.otf */ = {isa = PBXFileReference; lastKnownFileType = file; path = "Pretendard-Bold.otf"; sourceTree = "<group>"; };
		7AEE307A29F81ECB00A61856 /* Pretendard-Regular.otf */ = {isa = PBXFileReference; lastKnownFileType = file; path = "Pretendard-Regular.otf"; sourceTree = "<group>"; };
		7AEE307B29F81ECB00A61856 /* Pretendard-Medium.otf */ = {isa = PBXFileReference; lastKnownFileType = file; path = "Pretendard-Medium.otf"; sourceTree = "<group>"; };
		7AEE307C29F81ECB00A61856 /* Pretendard-Light.otf */ = {isa = PBXFileReference; lastKnownFileType = file; path = "Pretendard-Light.otf"; sourceTree = "<group>"; };
		7AEE308129F81ED500A61856 /* Pretendard-SemiBold.otf */ = {isa = PBXFileReference; lastKnownFileType = file; path = "Pretendard-SemiBold.otf"; sourceTree = "<group>"; };
		7AEE308D29F9510300A61856 /* UIButton+.swift */ = {isa = PBXFileReference; lastKnownFileType = sourcecode.swift; path = "UIButton+.swift"; sourceTree = "<group>"; };
		7AEE30922A012A9E00A61856 /* WebViewController.swift */ = {isa = PBXFileReference; lastKnownFileType = sourcecode.swift; path = WebViewController.swift; sourceTree = "<group>"; };
		E313DABC29F55FBC00DEAF64 /* JSONParser.swift */ = {isa = PBXFileReference; fileEncoding = 4; lastKnownFileType = sourcecode.swift; path = JSONParser.swift; sourceTree = "<group>"; };
		E313DAC22A015A0A00DEAF64 /* Timer.swift */ = {isa = PBXFileReference; lastKnownFileType = sourcecode.swift; path = Timer.swift; sourceTree = "<group>"; };
		E313DAC62A03FDEA00DEAF64 /* AlertBuilder.swift */ = {isa = PBXFileReference; lastKnownFileType = sourcecode.swift; path = AlertBuilder.swift; sourceTree = "<group>"; };
		E313DAC82A04146600DEAF64 /* RequestAuthButton.swift */ = {isa = PBXFileReference; lastKnownFileType = sourcecode.swift; path = RequestAuthButton.swift; sourceTree = "<group>"; };
		E3220B3429F0072700F6C9FB /* LoginModel.swift */ = {isa = PBXFileReference; lastKnownFileType = sourcecode.swift; path = LoginModel.swift; sourceTree = "<group>"; };
		E3220B3629F007AA00F6C9FB /* LoginService.swift */ = {isa = PBXFileReference; lastKnownFileType = sourcecode.swift; path = LoginService.swift; sourceTree = "<group>"; };
		E3220B3829F007EF00F6C9FB /* HTTPMethod.swift */ = {isa = PBXFileReference; lastKnownFileType = sourcecode.swift; path = HTTPMethod.swift; sourceTree = "<group>"; };
		E3220B3A29F0084900F6C9FB /* NetworkRequest.swift */ = {isa = PBXFileReference; lastKnownFileType = sourcecode.swift; path = NetworkRequest.swift; sourceTree = "<group>"; };
		E3220B3C29F009EC00F6C9FB /* LoginViewModel.swift */ = {isa = PBXFileReference; lastKnownFileType = sourcecode.swift; path = LoginViewModel.swift; sourceTree = "<group>"; };
		E3220B3E29F014B100F6C9FB /* URLSessionError.swift */ = {isa = PBXFileReference; lastKnownFileType = sourcecode.swift; path = URLSessionError.swift; sourceTree = "<group>"; };
		E3229CFF2A151623006D9BB5 /* CalendarModel.swift */ = {isa = PBXFileReference; lastKnownFileType = sourcecode.swift; path = CalendarModel.swift; sourceTree = "<group>"; };
/* End PBXFileReference section */

/* Begin PBXFrameworksBuildPhase section */
		7AC04EAA29D31FE4004BB3E2 /* Frameworks */ = {
			isa = PBXFrameworksBuildPhase;
			buildActionMask = 2147483647;
			files = (
				7AEE308A29F93EC500A61856 /* RxRelay in Frameworks */,
				7AEE308829F93EC500A61856 /* RxCocoa in Frameworks */,
				7AEE308C29F93EC500A61856 /* RxSwift in Frameworks */,
				7AEE308529F93E8D00A61856 /* SnapKit in Frameworks */,
			);
			runOnlyForDeploymentPostprocessing = 0;
		};
/* End PBXFrameworksBuildPhase section */

/* Begin PBXGroup section */
		7A0BDBF429F7F127001580DE /* Extensions */ = {
			isa = PBXGroup;
			children = (
				7A0BDBF229F7F11B001580DE /* UIFont+.swift */,
				7A0BDBF529F7F153001580DE /* UIColor+.swift */,
				7AEE308D29F9510300A61856 /* UIButton+.swift */,
			);
			path = Extensions;
			sourceTree = "<group>";
		};
		7A0BDBF729F7F368001580DE /* Fonts */ = {
			isa = PBXGroup;
			children = (
				7AEE307829F81EA000A61856 /* Pretendard */,
				7A0BDC0129F7FE59001580DE /* SansCaption */,
				7A0BDC0029F7FE4E001580DE /* Mattone */,
			);
			path = Fonts;
			sourceTree = "<group>";
		};
		7A0BDC0029F7FE4E001580DE /* Mattone */ = {
			isa = PBXGroup;
			children = (
				7A0BDBFE29F7FD49001580DE /* Mattone-Regular.otf */,
			);
			path = Mattone;
			sourceTree = "<group>";
		};
		7A0BDC0129F7FE59001580DE /* SansCaption */ = {
			isa = PBXGroup;
			children = (
				7AEE307329F8017500A61856 /* PTSans-CaptionBold.ttf */,
				7AEE307229F8017500A61856 /* PTSans-Caption.ttf */,
			);
			path = SansCaption;
			sourceTree = "<group>";
		};
		7A1637ED2A0EC7460055F8EC /* ViewModel */ = {
			isa = PBXGroup;
			children = (
				7A1637EB2A0EC0FD0055F8EC /* CalendarViewModel.swift */,
			);
			path = ViewModel;
			sourceTree = "<group>";
		};
		7A1637EE2A0EC7500055F8EC /* View */ = {
			isa = PBXGroup;
			children = (
				7AEAC1DD2A05355F0019A4A4 /* HomeViewController.swift */,
				7A5AED422A156D9D00D84A53 /* CalendarViewPresentationController.swift */,
				7A1637E72A0CEB7C0055F8EC /* CalendarViewController.swift */,
				7A1637EF2A0EC75F0055F8EC /* Cell */,
			);
			path = View;
			sourceTree = "<group>";
		};
		7A1637EF2A0EC75F0055F8EC /* Cell */ = {
			isa = PBXGroup;
			children = (
				7A1637E92A0D56430055F8EC /* CalendarCell.swift */,
				7A3BEFA22A13607D00F83A88 /* HomeCalendarCell.swift */,
			);
			path = Cell;
			sourceTree = "<group>";
		};
		7AC04EA429D31FE4004BB3E2 = {
			isa = PBXGroup;
			children = (
				7AC04EAF29D31FE4004BB3E2 /* Tasker-iOS */,
				7AC04EAE29D31FE4004BB3E2 /* Products */,
			);
			sourceTree = "<group>";
		};
		7AC04EAE29D31FE4004BB3E2 /* Products */ = {
			isa = PBXGroup;
			children = (
				7AC04EAD29D31FE4004BB3E2 /* Tasker-iOS.app */,
			);
			name = Products;
			sourceTree = "<group>";
		};
		7AC04EAF29D31FE4004BB3E2 /* Tasker-iOS */ = {
			isa = PBXGroup;
			children = (
				E313DAC029F575BB00DEAF64 /* Source */,
				7A0BDBF729F7F368001580DE /* Fonts */,
				E313DABF29F5757200DEAF64 /* Login */,
				7AEAC1DF2A06811C0019A4A4 /* Home */,
				7AEAC1E02A06816F0019A4A4 /* Gather */,
				7AEAC1E12A06817C0019A4A4 /* Browse */,
				7AEAC1E22A06818A0019A4A4 /* Mypage */,
				E313DAC129F5760B00DEAF64 /* Network */,
				7A0BDBF429F7F127001580DE /* Extensions */,
				7AEE30922A012A9E00A61856 /* WebViewController.swift */,
				7AEAC1DB2A0535380019A4A4 /* TabbarController.swift */,
			);
			path = "Tasker-iOS";
			sourceTree = "<group>";
		};
		7AEAC1D22A051D2E0019A4A4 /* Onboarding */ = {
			isa = PBXGroup;
			children = (
				7AEAC1D32A051D510019A4A4 /* OnboardingViewController.swift */,
				7AEAC1D72A0523340019A4A4 /* OnboardingCell.swift */,
				7AEAC1D92A0526430019A4A4 /* OnboardingModel.swift */,
				7AEAC1D52A0521340019A4A4 /* CompositionalLayout.swift */,
			);
			path = Onboarding;
			sourceTree = "<group>";
		};
		7AEAC1DF2A06811C0019A4A4 /* Home */ = {
			isa = PBXGroup;
			children = (
				E3229CFE2A15160E006D9BB5 /* Model */,
				7A1637EE2A0EC7500055F8EC /* View */,
				7A1637ED2A0EC7460055F8EC /* ViewModel */,
			);
			path = Home;
			sourceTree = "<group>";
		};
		7AEAC1E02A06816F0019A4A4 /* Gather */ = {
			isa = PBXGroup;
			children = (
				7AEAC1E32A0681AE0019A4A4 /* GatherViewController.swift */,
			);
			path = Gather;
			sourceTree = "<group>";
		};
		7AEAC1E12A06817C0019A4A4 /* Browse */ = {
			isa = PBXGroup;
			children = (
				7AEAC1E52A0681D00019A4A4 /* BrowseViewController.swift */,
			);
			path = Browse;
			sourceTree = "<group>";
		};
		7AEAC1E22A06818A0019A4A4 /* Mypage */ = {
			isa = PBXGroup;
			children = (
				7AEAC1E72A0681EF0019A4A4 /* MyPageViewController.swift */,
			);
			path = Mypage;
			sourceTree = "<group>";
		};
		7AEE307829F81EA000A61856 /* Pretendard */ = {
			isa = PBXGroup;
			children = (
				7AEE308129F81ED500A61856 /* Pretendard-SemiBold.otf */,
				7AEE307929F81ECB00A61856 /* Pretendard-Bold.otf */,
				7AEE307C29F81ECB00A61856 /* Pretendard-Light.otf */,
				7AEE307B29F81ECB00A61856 /* Pretendard-Medium.otf */,
				7AEE307A29F81ECB00A61856 /* Pretendard-Regular.otf */,
			);
			path = Pretendard;
			sourceTree = "<group>";
		};
		E313DABF29F5757200DEAF64 /* Login */ = {
			isa = PBXGroup;
			children = (
				7AEAC1D22A051D2E0019A4A4 /* Onboarding */,
				E313DACD2A0415CA00DEAF64 /* Utility */,
				E313DACA2A04158600DEAF64 /* View */,
				E313DACB2A04159500DEAF64 /* ViewModel */,
				E313DACC2A0415B900DEAF64 /* Service */,
				E3220B3429F0072700F6C9FB /* LoginModel.swift */,
			);
			name = Login;
			path = Login/Login;
			sourceTree = "<group>";
		};
		E313DAC029F575BB00DEAF64 /* Source */ = {
			isa = PBXGroup;
			children = (
				7AC04EB029D31FE4004BB3E2 /* AppDelegate.swift */,
				7AC04EB229D31FE4004BB3E2 /* SceneDelegate.swift */,
				7AC04EBC29D31FE6004BB3E2 /* Assets.xcassets */,
				7AC04EBE29D31FE6004BB3E2 /* LaunchScreen.storyboard */,
				7AC04EC129D31FE6004BB3E2 /* Info.plist */,
				7AC04EB929D31FE4004BB3E2 /* Tasker_iOS.xcdatamodeld */,
			);
			path = Source;
			sourceTree = "<group>";
		};
		E313DAC129F5760B00DEAF64 /* Network */ = {
			isa = PBXGroup;
			children = (
				E3220B3E29F014B100F6C9FB /* URLSessionError.swift */,
				E313DABC29F55FBC00DEAF64 /* JSONParser.swift */,
				E3220B3A29F0084900F6C9FB /* NetworkRequest.swift */,
				E3220B3829F007EF00F6C9FB /* HTTPMethod.swift */,
			);
			path = Network;
			sourceTree = "<group>";
		};
		E313DACA2A04158600DEAF64 /* View */ = {
			isa = PBXGroup;
			children = (
				7AC04EB429D31FE4004BB3E2 /* LoginViewController.swift */,
				E313DAC82A04146600DEAF64 /* RequestAuthButton.swift */,
			);
			path = View;
			sourceTree = "<group>";
		};
		E313DACB2A04159500DEAF64 /* ViewModel */ = {
			isa = PBXGroup;
			children = (
				E3220B3C29F009EC00F6C9FB /* LoginViewModel.swift */,
			);
			path = ViewModel;
			sourceTree = "<group>";
		};
		E313DACC2A0415B900DEAF64 /* Service */ = {
			isa = PBXGroup;
			children = (
				E3220B3629F007AA00F6C9FB /* LoginService.swift */,
			);
			path = Service;
			sourceTree = "<group>";
		};
		E313DACD2A0415CA00DEAF64 /* Utility */ = {
			isa = PBXGroup;
			children = (
				E313DAC22A015A0A00DEAF64 /* Timer.swift */,
				E313DAC62A03FDEA00DEAF64 /* AlertBuilder.swift */,
			);
			path = Utility;
			sourceTree = "<group>";
		};
		E3229CFE2A15160E006D9BB5 /* Model */ = {
			isa = PBXGroup;
			children = (
				E3229CFF2A151623006D9BB5 /* CalendarModel.swift */,
			);
			path = Model;
			sourceTree = "<group>";
		};
/* End PBXGroup section */

/* Begin PBXNativeTarget section */
		7AC04EAC29D31FE4004BB3E2 /* Tasker-iOS */ = {
			isa = PBXNativeTarget;
			buildConfigurationList = 7AC04EC429D31FE6004BB3E2 /* Build configuration list for PBXNativeTarget "Tasker-iOS" */;
			buildPhases = (
				7AC04EA929D31FE4004BB3E2 /* Sources */,
				7AC04EAA29D31FE4004BB3E2 /* Frameworks */,
				7AC04EAB29D31FE4004BB3E2 /* Resources */,
			);
			buildRules = (
			);
			dependencies = (
			);
			name = "Tasker-iOS";
			packageProductDependencies = (
				7AEE308429F93E8D00A61856 /* SnapKit */,
				7AEE308729F93EC500A61856 /* RxCocoa */,
				7AEE308929F93EC500A61856 /* RxRelay */,
				7AEE308B29F93EC500A61856 /* RxSwift */,
			);
			productName = "Tasker-iOS";
			productReference = 7AC04EAD29D31FE4004BB3E2 /* Tasker-iOS.app */;
			productType = "com.apple.product-type.application";
		};
/* End PBXNativeTarget section */

/* Begin PBXProject section */
		7AC04EA529D31FE4004BB3E2 /* Project object */ = {
			isa = PBXProject;
			attributes = {
				BuildIndependentTargetsInParallel = 1;
				LastSwiftUpdateCheck = 1420;
				LastUpgradeCheck = 1420;
				TargetAttributes = {
					7AC04EAC29D31FE4004BB3E2 = {
						CreatedOnToolsVersion = 14.2;
					};
				};
			};
			buildConfigurationList = 7AC04EA829D31FE4004BB3E2 /* Build configuration list for PBXProject "Tasker-iOS" */;
			compatibilityVersion = "Xcode 14.0";
			developmentRegion = en;
			hasScannedForEncodings = 0;
			knownRegions = (
				en,
				Base,
			);
			mainGroup = 7AC04EA429D31FE4004BB3E2;
			packageReferences = (
				7AEE308329F93E8D00A61856 /* XCRemoteSwiftPackageReference "SnapKit" */,
				7AEE308629F93EC500A61856 /* XCRemoteSwiftPackageReference "RxSwift" */,
			);
			productRefGroup = 7AC04EAE29D31FE4004BB3E2 /* Products */;
			projectDirPath = "";
			projectRoot = "";
			targets = (
				7AC04EAC29D31FE4004BB3E2 /* Tasker-iOS */,
			);
		};
/* End PBXProject section */

/* Begin PBXResourcesBuildPhase section */
		7AC04EAB29D31FE4004BB3E2 /* Resources */ = {
			isa = PBXResourcesBuildPhase;
			buildActionMask = 2147483647;
			files = (
				7AC04EC029D31FE6004BB3E2 /* LaunchScreen.storyboard in Resources */,
				7AEE307D29F81ECB00A61856 /* Pretendard-Bold.otf in Resources */,
				7AC04EBD29D31FE6004BB3E2 /* Assets.xcassets in Resources */,
				7AEE307F29F81ECB00A61856 /* Pretendard-Medium.otf in Resources */,
				7A0BDBFF29F7FD49001580DE /* Mattone-Regular.otf in Resources */,
				7AEE307E29F81ECB00A61856 /* Pretendard-Regular.otf in Resources */,
				7AEE307629F802FA00A61856 /* PTSans-CaptionBold.ttf in Resources */,
				7AEE308229F81ED500A61856 /* Pretendard-SemiBold.otf in Resources */,
				7AEE307729F802FC00A61856 /* PTSans-Caption.ttf in Resources */,
				7AEE308029F81ECB00A61856 /* Pretendard-Light.otf in Resources */,
			);
			runOnlyForDeploymentPostprocessing = 0;
		};
/* End PBXResourcesBuildPhase section */

/* Begin PBXSourcesBuildPhase section */
		7AC04EA929D31FE4004BB3E2 /* Sources */ = {
			isa = PBXSourcesBuildPhase;
			buildActionMask = 2147483647;
			files = (
				E3220B3529F0072700F6C9FB /* LoginModel.swift in Sources */,
				7AEAC1DC2A0535380019A4A4 /* TabbarController.swift in Sources */,
				E313DAC92A04146600DEAF64 /* RequestAuthButton.swift in Sources */,
				7AEE308E29F9510300A61856 /* UIButton+.swift in Sources */,
				E3220B3729F007AA00F6C9FB /* LoginService.swift in Sources */,
				7AEAC1D42A051D510019A4A4 /* OnboardingViewController.swift in Sources */,
				7A1637EA2A0D56430055F8EC /* CalendarCell.swift in Sources */,
				E3220B3B29F0084900F6C9FB /* NetworkRequest.swift in Sources */,
				E313DABD29F55FBC00DEAF64 /* JSONParser.swift in Sources */,
				7AEAC1E42A0681AE0019A4A4 /* GatherViewController.swift in Sources */,
				7A0BDBF329F7F11B001580DE /* UIFont+.swift in Sources */,
				7A1637E82A0CEB7C0055F8EC /* CalendarViewController.swift in Sources */,
				7AEAC1D82A0523340019A4A4 /* OnboardingCell.swift in Sources */,
				E3220B3929F007EF00F6C9FB /* HTTPMethod.swift in Sources */,
				7A3BEFA32A13607D00F83A88 /* HomeCalendarCell.swift in Sources */,
				7AEAC1E62A0681D00019A4A4 /* BrowseViewController.swift in Sources */,
				7AEAC1DE2A05355F0019A4A4 /* HomeViewController.swift in Sources */,
				E313DAC32A015A0A00DEAF64 /* Timer.swift in Sources */,
				7AC04EB529D31FE4004BB3E2 /* LoginViewController.swift in Sources */,
				7AC04EB129D31FE4004BB3E2 /* AppDelegate.swift in Sources */,
				7AC04EB329D31FE4004BB3E2 /* SceneDelegate.swift in Sources */,
				7AEAC1E82A0681EF0019A4A4 /* MyPageViewController.swift in Sources */,
				E3220B3F29F014B100F6C9FB /* URLSessionError.swift in Sources */,
				7A5AED432A156D9D00D84A53 /* CalendarViewPresentationController.swift in Sources */,
				7A1637EC2A0EC0FD0055F8EC /* CalendarViewModel.swift in Sources */,
				E313DAC72A03FDEA00DEAF64 /* AlertBuilder.swift in Sources */,
				E3229D002A151623006D9BB5 /* CalendarModel.swift in Sources */,
				7AEAC1DA2A0526440019A4A4 /* OnboardingModel.swift in Sources */,
				7AEAC1D62A0521340019A4A4 /* CompositionalLayout.swift in Sources */,
				7A0BDBF629F7F153001580DE /* UIColor+.swift in Sources */,
				7AC04EBB29D31FE4004BB3E2 /* Tasker_iOS.xcdatamodeld in Sources */,
				E3220B3D29F009EC00F6C9FB /* LoginViewModel.swift in Sources */,
				7AEE30932A012A9E00A61856 /* WebViewController.swift in Sources */,
			);
			runOnlyForDeploymentPostprocessing = 0;
		};
/* End PBXSourcesBuildPhase section */

/* Begin PBXVariantGroup section */
		7AC04EBE29D31FE6004BB3E2 /* LaunchScreen.storyboard */ = {
			isa = PBXVariantGroup;
			children = (
				7AC04EBF29D31FE6004BB3E2 /* Base */,
			);
			name = LaunchScreen.storyboard;
			sourceTree = "<group>";
		};
/* End PBXVariantGroup section */

/* Begin XCBuildConfiguration section */
		7AC04EC229D31FE6004BB3E2 /* Debug */ = {
			isa = XCBuildConfiguration;
			buildSettings = {
				ALWAYS_SEARCH_USER_PATHS = NO;
				CLANG_ANALYZER_NONNULL = YES;
				CLANG_ANALYZER_NUMBER_OBJECT_CONVERSION = YES_AGGRESSIVE;
				CLANG_CXX_LANGUAGE_STANDARD = "gnu++20";
				CLANG_ENABLE_MODULES = YES;
				CLANG_ENABLE_OBJC_ARC = YES;
				CLANG_ENABLE_OBJC_WEAK = YES;
				CLANG_WARN_BLOCK_CAPTURE_AUTORELEASING = YES;
				CLANG_WARN_BOOL_CONVERSION = YES;
				CLANG_WARN_COMMA = YES;
				CLANG_WARN_CONSTANT_CONVERSION = YES;
				CLANG_WARN_DEPRECATED_OBJC_IMPLEMENTATIONS = YES;
				CLANG_WARN_DIRECT_OBJC_ISA_USAGE = YES_ERROR;
				CLANG_WARN_DOCUMENTATION_COMMENTS = YES;
				CLANG_WARN_EMPTY_BODY = YES;
				CLANG_WARN_ENUM_CONVERSION = YES;
				CLANG_WARN_INFINITE_RECURSION = YES;
				CLANG_WARN_INT_CONVERSION = YES;
				CLANG_WARN_NON_LITERAL_NULL_CONVERSION = YES;
				CLANG_WARN_OBJC_IMPLICIT_RETAIN_SELF = YES;
				CLANG_WARN_OBJC_LITERAL_CONVERSION = YES;
				CLANG_WARN_OBJC_ROOT_CLASS = YES_ERROR;
				CLANG_WARN_QUOTED_INCLUDE_IN_FRAMEWORK_HEADER = YES;
				CLANG_WARN_RANGE_LOOP_ANALYSIS = YES;
				CLANG_WARN_STRICT_PROTOTYPES = YES;
				CLANG_WARN_SUSPICIOUS_MOVE = YES;
				CLANG_WARN_UNGUARDED_AVAILABILITY = YES_AGGRESSIVE;
				CLANG_WARN_UNREACHABLE_CODE = YES;
				CLANG_WARN__DUPLICATE_METHOD_MATCH = YES;
				COPY_PHASE_STRIP = NO;
				DEBUG_INFORMATION_FORMAT = dwarf;
				ENABLE_STRICT_OBJC_MSGSEND = YES;
				ENABLE_TESTABILITY = YES;
				GCC_C_LANGUAGE_STANDARD = gnu11;
				GCC_DYNAMIC_NO_PIC = NO;
				GCC_NO_COMMON_BLOCKS = YES;
				GCC_OPTIMIZATION_LEVEL = 0;
				GCC_PREPROCESSOR_DEFINITIONS = (
					"DEBUG=1",
					"$(inherited)",
				);
				GCC_WARN_64_TO_32_BIT_CONVERSION = YES;
				GCC_WARN_ABOUT_RETURN_TYPE = YES_ERROR;
				GCC_WARN_UNDECLARED_SELECTOR = YES;
				GCC_WARN_UNINITIALIZED_AUTOS = YES_AGGRESSIVE;
				GCC_WARN_UNUSED_FUNCTION = YES;
				GCC_WARN_UNUSED_VARIABLE = YES;
				IPHONEOS_DEPLOYMENT_TARGET = 15.0;
				MTL_ENABLE_DEBUG_INFO = INCLUDE_SOURCE;
				MTL_FAST_MATH = YES;
				ONLY_ACTIVE_ARCH = YES;
				SDKROOT = iphoneos;
				SWIFT_ACTIVE_COMPILATION_CONDITIONS = DEBUG;
				SWIFT_OPTIMIZATION_LEVEL = "-Onone";
			};
			name = Debug;
		};
		7AC04EC329D31FE6004BB3E2 /* Release */ = {
			isa = XCBuildConfiguration;
			buildSettings = {
				ALWAYS_SEARCH_USER_PATHS = NO;
				CLANG_ANALYZER_NONNULL = YES;
				CLANG_ANALYZER_NUMBER_OBJECT_CONVERSION = YES_AGGRESSIVE;
				CLANG_CXX_LANGUAGE_STANDARD = "gnu++20";
				CLANG_ENABLE_MODULES = YES;
				CLANG_ENABLE_OBJC_ARC = YES;
				CLANG_ENABLE_OBJC_WEAK = YES;
				CLANG_WARN_BLOCK_CAPTURE_AUTORELEASING = YES;
				CLANG_WARN_BOOL_CONVERSION = YES;
				CLANG_WARN_COMMA = YES;
				CLANG_WARN_CONSTANT_CONVERSION = YES;
				CLANG_WARN_DEPRECATED_OBJC_IMPLEMENTATIONS = YES;
				CLANG_WARN_DIRECT_OBJC_ISA_USAGE = YES_ERROR;
				CLANG_WARN_DOCUMENTATION_COMMENTS = YES;
				CLANG_WARN_EMPTY_BODY = YES;
				CLANG_WARN_ENUM_CONVERSION = YES;
				CLANG_WARN_INFINITE_RECURSION = YES;
				CLANG_WARN_INT_CONVERSION = YES;
				CLANG_WARN_NON_LITERAL_NULL_CONVERSION = YES;
				CLANG_WARN_OBJC_IMPLICIT_RETAIN_SELF = YES;
				CLANG_WARN_OBJC_LITERAL_CONVERSION = YES;
				CLANG_WARN_OBJC_ROOT_CLASS = YES_ERROR;
				CLANG_WARN_QUOTED_INCLUDE_IN_FRAMEWORK_HEADER = YES;
				CLANG_WARN_RANGE_LOOP_ANALYSIS = YES;
				CLANG_WARN_STRICT_PROTOTYPES = YES;
				CLANG_WARN_SUSPICIOUS_MOVE = YES;
				CLANG_WARN_UNGUARDED_AVAILABILITY = YES_AGGRESSIVE;
				CLANG_WARN_UNREACHABLE_CODE = YES;
				CLANG_WARN__DUPLICATE_METHOD_MATCH = YES;
				COPY_PHASE_STRIP = NO;
				DEBUG_INFORMATION_FORMAT = "dwarf-with-dsym";
				ENABLE_NS_ASSERTIONS = NO;
				ENABLE_STRICT_OBJC_MSGSEND = YES;
				GCC_C_LANGUAGE_STANDARD = gnu11;
				GCC_NO_COMMON_BLOCKS = YES;
				GCC_WARN_64_TO_32_BIT_CONVERSION = YES;
				GCC_WARN_ABOUT_RETURN_TYPE = YES_ERROR;
				GCC_WARN_UNDECLARED_SELECTOR = YES;
				GCC_WARN_UNINITIALIZED_AUTOS = YES_AGGRESSIVE;
				GCC_WARN_UNUSED_FUNCTION = YES;
				GCC_WARN_UNUSED_VARIABLE = YES;
				IPHONEOS_DEPLOYMENT_TARGET = 15.0;
				MTL_ENABLE_DEBUG_INFO = NO;
				MTL_FAST_MATH = YES;
				SDKROOT = iphoneos;
				SWIFT_COMPILATION_MODE = wholemodule;
				SWIFT_OPTIMIZATION_LEVEL = "-O";
				VALIDATE_PRODUCT = YES;
			};
			name = Release;
		};
		7AC04EC529D31FE6004BB3E2 /* Debug */ = {
			isa = XCBuildConfiguration;
			buildSettings = {
				ASSETCATALOG_COMPILER_APPICON_NAME = AppIcon;
				ASSETCATALOG_COMPILER_GLOBAL_ACCENT_COLOR_NAME = AccentColor;
				CODE_SIGN_STYLE = Automatic;
				CURRENT_PROJECT_VERSION = 1;
				DEVELOPMENT_TEAM = QHVQWS4LSN;
				GENERATE_INFOPLIST_FILE = YES;
				INFOPLIST_FILE = "Tasker-iOS/Source/Info.plist";
				INFOPLIST_KEY_UIApplicationSupportsIndirectInputEvents = YES;
				INFOPLIST_KEY_UILaunchStoryboardName = LaunchScreen;
				INFOPLIST_KEY_UISupportedInterfaceOrientations = UIInterfaceOrientationPortrait;
				INFOPLIST_KEY_UISupportedInterfaceOrientations_iPad = "UIInterfaceOrientationLandscapeLeft UIInterfaceOrientationLandscapeRight UIInterfaceOrientationPortrait UIInterfaceOrientationPortraitUpsideDown";
				IPHONEOS_DEPLOYMENT_TARGET = 15.0;
				LD_RUNPATH_SEARCH_PATHS = (
					"$(inherited)",
					"@executable_path/Frameworks",
				);
				MARKETING_VERSION = 1.0;
				PRODUCT_BUNDLE_IDENTIFIER = "DevkiOS.Tasker-iOS";
				PRODUCT_NAME = "$(TARGET_NAME)";
				SUPPORTED_PLATFORMS = "iphoneos iphonesimulator";
				SUPPORTS_MACCATALYST = NO;
				SUPPORTS_MAC_DESIGNED_FOR_IPHONE_IPAD = NO;
				SWIFT_EMIT_LOC_STRINGS = YES;
				SWIFT_VERSION = 5.0;
				TARGETED_DEVICE_FAMILY = 1;
			};
			name = Debug;
		};
		7AC04EC629D31FE6004BB3E2 /* Release */ = {
			isa = XCBuildConfiguration;
			buildSettings = {
				ASSETCATALOG_COMPILER_APPICON_NAME = AppIcon;
				ASSETCATALOG_COMPILER_GLOBAL_ACCENT_COLOR_NAME = AccentColor;
				CODE_SIGN_STYLE = Automatic;
				CURRENT_PROJECT_VERSION = 1;
				DEVELOPMENT_TEAM = QHVQWS4LSN;
				GENERATE_INFOPLIST_FILE = YES;
				INFOPLIST_FILE = "Tasker-iOS/Source/Info.plist";
				INFOPLIST_KEY_UIApplicationSupportsIndirectInputEvents = YES;
				INFOPLIST_KEY_UILaunchStoryboardName = LaunchScreen;
				INFOPLIST_KEY_UISupportedInterfaceOrientations = UIInterfaceOrientationPortrait;
				INFOPLIST_KEY_UISupportedInterfaceOrientations_iPad = "UIInterfaceOrientationLandscapeLeft UIInterfaceOrientationLandscapeRight UIInterfaceOrientationPortrait UIInterfaceOrientationPortraitUpsideDown";
				IPHONEOS_DEPLOYMENT_TARGET = 15.0;
				LD_RUNPATH_SEARCH_PATHS = (
					"$(inherited)",
					"@executable_path/Frameworks",
				);
				MARKETING_VERSION = 1.0;
				PRODUCT_BUNDLE_IDENTIFIER = "DevkiOS.Tasker-iOS";
				PRODUCT_NAME = "$(TARGET_NAME)";
				SUPPORTED_PLATFORMS = "iphoneos iphonesimulator";
				SUPPORTS_MACCATALYST = NO;
				SUPPORTS_MAC_DESIGNED_FOR_IPHONE_IPAD = NO;
				SWIFT_EMIT_LOC_STRINGS = YES;
				SWIFT_VERSION = 5.0;
				TARGETED_DEVICE_FAMILY = 1;
			};
			name = Release;
		};
/* End XCBuildConfiguration section */

/* Begin XCConfigurationList section */
		7AC04EA829D31FE4004BB3E2 /* Build configuration list for PBXProject "Tasker-iOS" */ = {
			isa = XCConfigurationList;
			buildConfigurations = (
				7AC04EC229D31FE6004BB3E2 /* Debug */,
				7AC04EC329D31FE6004BB3E2 /* Release */,
			);
			defaultConfigurationIsVisible = 0;
			defaultConfigurationName = Release;
		};
		7AC04EC429D31FE6004BB3E2 /* Build configuration list for PBXNativeTarget "Tasker-iOS" */ = {
			isa = XCConfigurationList;
			buildConfigurations = (
				7AC04EC529D31FE6004BB3E2 /* Debug */,
				7AC04EC629D31FE6004BB3E2 /* Release */,
			);
			defaultConfigurationIsVisible = 0;
			defaultConfigurationName = Release;
		};
/* End XCConfigurationList section */

/* Begin XCRemoteSwiftPackageReference section */
		7AEE308329F93E8D00A61856 /* XCRemoteSwiftPackageReference "SnapKit" */ = {
			isa = XCRemoteSwiftPackageReference;
			repositoryURL = "https://github.com/SnapKit/SnapKit";
			requirement = {
				kind = upToNextMinorVersion;
				minimumVersion = 5.6.0;
			};
		};
		7AEE308629F93EC500A61856 /* XCRemoteSwiftPackageReference "RxSwift" */ = {
			isa = XCRemoteSwiftPackageReference;
			repositoryURL = "https://github.com/ReactiveX/RxSwift.git";
			requirement = {
				kind = upToNextMinorVersion;
				minimumVersion = 6.5.0;
			};
		};
/* End XCRemoteSwiftPackageReference section */

/* Begin XCSwiftPackageProductDependency section */
		7AEE308429F93E8D00A61856 /* SnapKit */ = {
			isa = XCSwiftPackageProductDependency;
			package = 7AEE308329F93E8D00A61856 /* XCRemoteSwiftPackageReference "SnapKit" */;
			productName = SnapKit;
		};
		7AEE308729F93EC500A61856 /* RxCocoa */ = {
			isa = XCSwiftPackageProductDependency;
			package = 7AEE308629F93EC500A61856 /* XCRemoteSwiftPackageReference "RxSwift" */;
			productName = RxCocoa;
		};
		7AEE308929F93EC500A61856 /* RxRelay */ = {
			isa = XCSwiftPackageProductDependency;
			package = 7AEE308629F93EC500A61856 /* XCRemoteSwiftPackageReference "RxSwift" */;
			productName = RxRelay;
		};
		7AEE308B29F93EC500A61856 /* RxSwift */ = {
			isa = XCSwiftPackageProductDependency;
			package = 7AEE308629F93EC500A61856 /* XCRemoteSwiftPackageReference "RxSwift" */;
			productName = RxSwift;
		};
/* End XCSwiftPackageProductDependency section */

/* Begin XCVersionGroup section */
		7AC04EB929D31FE4004BB3E2 /* Tasker_iOS.xcdatamodeld */ = {
			isa = XCVersionGroup;
			children = (
				7AC04EBA29D31FE4004BB3E2 /* Tasker_iOS.xcdatamodel */,
			);
			currentVersion = 7AC04EBA29D31FE4004BB3E2 /* Tasker_iOS.xcdatamodel */;
			path = Tasker_iOS.xcdatamodeld;
			sourceTree = "<group>";
			versionGroupType = wrapper.xcdatamodel;
		};
/* End XCVersionGroup section */
	};
	rootObject = 7AC04EA529D31FE4004BB3E2 /* Project object */;
}
